
Microsoft Visual Studio Solution File, Format Version 12.00
# Visual Studio Version 17
VisualStudioVersion = 17.4.33213.308
MinimumVisualStudioVersion = 10.0.40219.1
Project("{FAE04EC0-301F-11D3-BF4B-00C04F79EFBC}") = "CalculadoraTela", "CalculadoraTela\CalculadoraTela.csproj", "{FA543F51-FCAC-47FD-9E96-10C7CCBA07C1}"
EndProject
Global
	GlobalSection(SolutionConfigurationPlatforms) = preSolution
		Debug|Any CPU = Debug|Any CPU
		Release|Any CPU = Release|Any CPU
	EndGlobalSection
	GlobalSection(ProjectConfigurationPlatforms) = postSolution
		{FA543F51-FCAC-47FD-9E96-10C7CCBA07C1}.Debug|Any CPU.ActiveCfg = Debug|Any CPU
		{FA543F51-FCAC-47FD-9E96-10C7CCBA07C1}.Debug|Any CPU.Build.0 = Debug|Any CPU
		{FA543F51-FCAC-47FD-9E96-10C7CCBA07C1}.Release|Any CPU.ActiveCfg = Release|Any CPU
		{FA543F51-FCAC-47FD-9E96-10C7CCBA07C1}.Release|Any CPU.Build.0 = Release|Any CPU
	EndGlobalSection
	GlobalSection(SolutionProperties) = preSolution
		HideSolutionNode = FALSE
	EndGlobalSection
	GlobalSection(ExtensibilityGlobals) = postSolution
		SolutionGuid = {B11FAB4A-2394-40A8-9277-512F93F77B31}
	EndGlobalSection
EndGlobal
